
Microsoft Visual Studio Solution File, Format Version 12.00
# Visual Studio Version 17
VisualStudioVersion = 17.4.33213.308
MinimumVisualStudioVersion = 10.0.40219.1
Project("{FAE04EC0-301F-11D3-BF4B-00C04F79EFBC}") = "lab 1 task", "lab 1 task\lab 1 task.csproj", "{43D1B2BA-62F7-4E08-85EA-A08D362BB6C1}"
EndProject
Global
	GlobalSection(SolutionConfigurationPlatforms) = preSolution
		Debug|Any CPU = Debug|Any CPU
		Release|Any CPU = Release|Any CPU
	EndGlobalSection
	GlobalSection(ProjectConfigurationPlatforms) = postSolution
		{43D1B2BA-62F7-4E08-85EA-A08D362BB6C1}.Debug|Any CPU.ActiveCfg = Debug|Any CPU
		{43D1B2BA-62F7-4E08-85EA-A08D362BB6C1}.Debug|Any CPU.Build.0 = Debug|Any CPU
		{43D1B2BA-62F7-4E08-85EA-A08D362BB6C1}.Release|Any CPU.ActiveCfg = Release|Any CPU
		{43D1B2BA-62F7-4E08-85EA-A08D362BB6C1}.Release|Any CPU.Build.0 = Release|Any CPU
	EndGlobalSection
	GlobalSection(SolutionProperties) = preSolution
		HideSolutionNode = FALSE
	EndGlobalSection
	GlobalSection(ExtensibilityGlobals) = postSolution
		SolutionGuid = {2A865D8A-4EDF-4AA8-9BA5-4E7BA787D91D}
	EndGlobalSection
EndGlobal
