
Microsoft Visual Studio Solution File, Format Version 12.00
# Visual Studio Version 17
VisualStudioVersion = 17.4.33213.308
MinimumVisualStudioVersion = 10.0.40219.1
Project("{FAE04EC0-301F-11D3-BF4B-00C04F79EFBC}") = "lab2 task 1_2", "lab2 task 1_2\lab2 task 1_2.csproj", "{077C292A-158D-4BF9-B258-FC160397FDA2}"
EndProject
Global
	GlobalSection(SolutionConfigurationPlatforms) = preSolution
		Debug|Any CPU = Debug|Any CPU
		Release|Any CPU = Release|Any CPU
	EndGlobalSection
	GlobalSection(ProjectConfigurationPlatforms) = postSolution
		{077C292A-158D-4BF9-B258-FC160397FDA2}.Debug|Any CPU.ActiveCfg = Debug|Any CPU
		{077C292A-158D-4BF9-B258-FC160397FDA2}.Debug|Any CPU.Build.0 = Debug|Any CPU
		{077C292A-158D-4BF9-B258-FC160397FDA2}.Release|Any CPU.ActiveCfg = Release|Any CPU
		{077C292A-158D-4BF9-B258-FC160397FDA2}.Release|Any CPU.Build.0 = Release|Any CPU
	EndGlobalSection
	GlobalSection(SolutionProperties) = preSolution
		HideSolutionNode = FALSE
	EndGlobalSection
	GlobalSection(ExtensibilityGlobals) = postSolution
		SolutionGuid = {09DF54AA-9EE7-4CB9-971B-EE8AE5D0D4CE}
	EndGlobalSection
EndGlobal
