
Microsoft Visual Studio Solution File, Format Version 12.00
# Visual Studio Version 17
VisualStudioVersion = 17.4.33213.308
MinimumVisualStudioVersion = 10.0.40219.1
Project("{FAE04EC0-301F-11D3-BF4B-00C04F79EFBC}") = "CSharp", "CSharp\CSharp.csproj", "{08CEF8AC-BB2C-4419-BF05-533A394397D3}"
EndProject
Global
	GlobalSection(SolutionConfigurationPlatforms) = preSolution
		Debug|Any CPU = Debug|Any CPU
		Release|Any CPU = Release|Any CPU
	EndGlobalSection
	GlobalSection(ProjectConfigurationPlatforms) = postSolution
		{08CEF8AC-BB2C-4419-BF05-533A394397D3}.Debug|Any CPU.ActiveCfg = Debug|Any CPU
		{08CEF8AC-BB2C-4419-BF05-533A394397D3}.Debug|Any CPU.Build.0 = Debug|Any CPU
		{08CEF8AC-BB2C-4419-BF05-533A394397D3}.Release|Any CPU.ActiveCfg = Release|Any CPU
		{08CEF8AC-BB2C-4419-BF05-533A394397D3}.Release|Any CPU.Build.0 = Release|Any CPU
	EndGlobalSection
	GlobalSection(SolutionProperties) = preSolution
		HideSolutionNode = FALSE
	EndGlobalSection
	GlobalSection(ExtensibilityGlobals) = postSolution
		SolutionGuid = {FAAA38E8-F527-4D89-A5BC-71D8B3A6B307}
	EndGlobalSection
EndGlobal
