
Microsoft Visual Studio Solution File, Format Version 12.00
# Visual Studio Version 17
VisualStudioVersion = 17.4.33213.308
MinimumVisualStudioVersion = 10.0.40219.1
Project("{FAE04EC0-301F-11D3-BF4B-00C04F79EFBC}") = "Service1", "Service1\Service1.csproj", "{65639564-62C1-4854-81D0-E2F26707FE1C}"
EndProject
Global
	GlobalSection(SolutionConfigurationPlatforms) = preSolution
		Debug|Any CPU = Debug|Any CPU
		Release|Any CPU = Release|Any CPU
	EndGlobalSection
	GlobalSection(ProjectConfigurationPlatforms) = postSolution
		{65639564-62C1-4854-81D0-E2F26707FE1C}.Debug|Any CPU.ActiveCfg = Debug|Any CPU
		{65639564-62C1-4854-81D0-E2F26707FE1C}.Debug|Any CPU.Build.0 = Debug|Any CPU
		{65639564-62C1-4854-81D0-E2F26707FE1C}.Release|Any CPU.ActiveCfg = Release|Any CPU
		{65639564-62C1-4854-81D0-E2F26707FE1C}.Release|Any CPU.Build.0 = Release|Any CPU
	EndGlobalSection
	GlobalSection(SolutionProperties) = preSolution
		HideSolutionNode = FALSE
	EndGlobalSection
	GlobalSection(ExtensibilityGlobals) = postSolution
		SolutionGuid = {BB471F17-EB3E-4B83-BEE0-FE4781AB2B82}
	EndGlobalSection
EndGlobal
