
Microsoft Visual Studio Solution File, Format Version 12.00
# Visual Studio Version 17
VisualStudioVersion = 17.4.33213.308
MinimumVisualStudioVersion = 10.0.40219.1
Project("{FAE04EC0-301F-11D3-BF4B-00C04F79EFBC}") = "lab 2 task 3", "lab 2 task 3\lab 2 task 3.csproj", "{BB6AC352-461F-457C-93E3-6A76C77782CE}"
EndProject
Global
	GlobalSection(SolutionConfigurationPlatforms) = preSolution
		Debug|Any CPU = Debug|Any CPU
		Release|Any CPU = Release|Any CPU
	EndGlobalSection
	GlobalSection(ProjectConfigurationPlatforms) = postSolution
		{BB6AC352-461F-457C-93E3-6A76C77782CE}.Debug|Any CPU.ActiveCfg = Debug|Any CPU
		{BB6AC352-461F-457C-93E3-6A76C77782CE}.Debug|Any CPU.Build.0 = Debug|Any CPU
		{BB6AC352-461F-457C-93E3-6A76C77782CE}.Release|Any CPU.ActiveCfg = Release|Any CPU
		{BB6AC352-461F-457C-93E3-6A76C77782CE}.Release|Any CPU.Build.0 = Release|Any CPU
	EndGlobalSection
	GlobalSection(SolutionProperties) = preSolution
		HideSolutionNode = FALSE
	EndGlobalSection
	GlobalSection(ExtensibilityGlobals) = postSolution
		SolutionGuid = {BB4AC100-CE2F-4B0B-8FA6-12D41CE36EB7}
	EndGlobalSection
EndGlobal
